
Microsoft Visual Studio Solution File, Format Version 12.00
# Visual Studio Version 16
VisualStudioVersion = 16.0.30320.27
MinimumVisualStudioVersion = 10.0.40219.1
Project("{FAE04EC0-301F-11D3-BF4B-00C04F79EFBC}") = "Creating_Personalized_Exceptions2", "Creating_Personalized_Exceptions2\Creating_Personalized_Exceptions2.csproj", "{B0218EDF-60B8-4083-A53C-CC5FA8E5EBA6}"
EndProject
Global
	GlobalSection(SolutionConfigurationPlatforms) = preSolution
		Debug|Any CPU = Debug|Any CPU
		Release|Any CPU = Release|Any CPU
	EndGlobalSection
	GlobalSection(ProjectConfigurationPlatforms) = postSolution
		{B0218EDF-60B8-4083-A53C-CC5FA8E5EBA6}.Debug|Any CPU.ActiveCfg = Debug|Any CPU
		{B0218EDF-60B8-4083-A53C-CC5FA8E5EBA6}.Debug|Any CPU.Build.0 = Debug|Any CPU
		{B0218EDF-60B8-4083-A53C-CC5FA8E5EBA6}.Release|Any CPU.ActiveCfg = Release|Any CPU
		{B0218EDF-60B8-4083-A53C-CC5FA8E5EBA6}.Release|Any CPU.Build.0 = Release|Any CPU
	EndGlobalSection
	GlobalSection(SolutionProperties) = preSolution
		HideSolutionNode = FALSE
	EndGlobalSection
	GlobalSection(ExtensibilityGlobals) = postSolution
		SolutionGuid = {1ACBD40C-AF02-43A8-9056-EBE13DFDAD36}
	EndGlobalSection
EndGlobal
